
Microsoft Visual Studio Solution File, Format Version 12.00
# Visual Studio Version 16
VisualStudioVersion = 16.0.29102.190
MinimumVisualStudioVersion = 10.0.40219.1
Project("{888888A0-9F3D-457C-B088-3A5042F75D52}") = "gittest", "gittest.pyproj", "{F1D54BCA-AB96-4958-9F45-9131B48DC576}"
EndProject
Global
	GlobalSection(SolutionConfigurationPlatforms) = preSolution
		Debug|Any CPU = Debug|Any CPU
		Release|Any CPU = Release|Any CPU
	EndGlobalSection
	GlobalSection(ProjectConfigurationPlatforms) = postSolution
		{F1D54BCA-AB96-4958-9F45-9131B48DC576}.Debug|Any CPU.ActiveCfg = Debug|Any CPU
		{F1D54BCA-AB96-4958-9F45-9131B48DC576}.Release|Any CPU.ActiveCfg = Release|Any CPU
	EndGlobalSection
	GlobalSection(SolutionProperties) = preSolution
		HideSolutionNode = FALSE
	EndGlobalSection
	GlobalSection(ExtensibilityGlobals) = postSolution
		SolutionGuid = {029C39C8-5A72-4CD3-965C-76B907D6A125}
	EndGlobalSection
EndGlobal
